
Microsoft Visual Studio Solution File, Format Version 12.00
# Visual Studio Version 16
VisualStudioVersion = 16.0.32413.511
MinimumVisualStudioVersion = 10.0.40219.1
Project("{FAE04EC0-301F-11D3-BF4B-00C04F79EFBC}") = "DevRocketShipMod", "DevRocketShipMod\DevRocketShipMod.csproj", "{23349BB0-4B06-464E-9ED6-427E2CC10706}"
EndProject
Global
	GlobalSection(SolutionConfigurationPlatforms) = preSolution
		Debug|Any CPU = Debug|Any CPU
		Release|Any CPU = Release|Any CPU
	EndGlobalSection
	GlobalSection(ProjectConfigurationPlatforms) = postSolution
		{23349BB0-4B06-464E-9ED6-427E2CC10706}.Debug|Any CPU.ActiveCfg = Debug|Any CPU
		{23349BB0-4B06-464E-9ED6-427E2CC10706}.Debug|Any CPU.Build.0 = Debug|Any CPU
		{23349BB0-4B06-464E-9ED6-427E2CC10706}.Release|Any CPU.ActiveCfg = Release|Any CPU
		{23349BB0-4B06-464E-9ED6-427E2CC10706}.Release|Any CPU.Build.0 = Release|Any CPU
	EndGlobalSection
	GlobalSection(SolutionProperties) = preSolution
		HideSolutionNode = FALSE
	EndGlobalSection
	GlobalSection(ExtensibilityGlobals) = postSolution
		SolutionGuid = {D08BF574-88A9-4EBE-8997-27F39DBAC0B8}
	EndGlobalSection
EndGlobal
